# This file is automatically @generated by Cargo.
# It is not intended for manual editing.
version = 4

[[package]]
name = "cap_02"
version = "0.1.0"

[[package]]
name = "cap_03"
version = "0.1.0"

[[package]]
name = "cap_04"
version = "0.1.0"

[[package]]
name = "cap_05"
version = "0.1.0"

[[package]]
name = "cap_06"
version = "0.1.0"

[[package]]
name = "cap_07"
version = "0.1.0"

[[package]]
name = "cap_08"
version = "0.1.0"

[[package]]
name = "cap_09"
version = "0.1.0"
